
Microsoft Visual Studio Solution File, Format Version 12.00
# Visual Studio 15
VisualStudioVersion = 15.0.28307.329
MinimumVisualStudioVersion = 10.0.40219.1
Project("{FAE04EC0-301F-11D3-BF4B-00C04F79EFBC}") = "Tool_Web", "Tool_Web\Tool_Web.csproj", "{944FD3ED-01F2-4B6C-AB6E-3E5666732A11}"
EndProject
Global
	GlobalSection(SolutionConfigurationPlatforms) = preSolution
		Debug|Any CPU = Debug|Any CPU
		Dev|Any CPU = Dev|Any CPU
		Release|Any CPU = Release|Any CPU
	EndGlobalSection
	GlobalSection(ProjectConfigurationPlatforms) = postSolution
		{944FD3ED-01F2-4B6C-AB6E-3E5666732A11}.Debug|Any CPU.ActiveCfg = Debug|Any CPU
		{944FD3ED-01F2-4B6C-AB6E-3E5666732A11}.Debug|Any CPU.Build.0 = Debug|Any CPU
		{944FD3ED-01F2-4B6C-AB6E-3E5666732A11}.Dev|Any CPU.ActiveCfg = Dev|Any CPU
		{944FD3ED-01F2-4B6C-AB6E-3E5666732A11}.Dev|Any CPU.Build.0 = Dev|Any CPU
		{944FD3ED-01F2-4B6C-AB6E-3E5666732A11}.Release|Any CPU.ActiveCfg = Release|Any CPU
		{944FD3ED-01F2-4B6C-AB6E-3E5666732A11}.Release|Any CPU.Build.0 = Release|Any CPU
	EndGlobalSection
	GlobalSection(SolutionProperties) = preSolution
		HideSolutionNode = FALSE
	EndGlobalSection
	GlobalSection(ExtensibilityGlobals) = postSolution
		SolutionGuid = {46B47124-D063-469A-A4D0-2799ABFE49FF}
	EndGlobalSection
	GlobalSection(TeamFoundationVersionControl) = preSolution
		SccNumberOfProjects = 2
		SccEnterpriseProvider = {4CA58AB2-18FA-4F8D-95D4-32DDF27D184C}
		SccTeamFoundationServer = https://wishwise518.visualstudio.com/
		SccLocalPath0 = .
		SccProjectUniqueName1 = Tool_Web\\Tool_Web.csproj
		SccProjectName1 = Tool_Web
		SccLocalPath1 = Tool_Web
	EndGlobalSection
EndGlobal
